
Microsoft Visual Studio Solution File, Format Version 12.00
# Visual Studio 15
Project("{FAE04EC0-301F-11D3-BF4B-00C04F79EFBC}") = "UnityEngine.UI", "UnityEngine.UI.csproj", "{F4012ACF-C77F-128D-60B7-4B1F7A75E34B}"
EndProject
Project("{FAE04EC0-301F-11D3-BF4B-00C04F79EFBC}") = "Unity.RenderPipelines.Core.Runtime", "Unity.RenderPipelines.Core.Runtime.csproj", "{8BEBBAE0-F1F7-2D6B-43B7-2F9BBF300B0D}"
EndProject
Project("{FAE04EC0-301F-11D3-BF4B-00C04F79EFBC}") = "UnityEngine.TestRunner", "UnityEngine.TestRunner.csproj", "{77FB12A8-5D31-2211-8E05-B0CFDDC0FCFF}"
EndProject
Project("{FAE04EC0-301F-11D3-BF4B-00C04F79EFBC}") = "Unity.VisualScripting.Flow", "Unity.VisualScripting.Flow.csproj", "{F5198135-07A4-345E-3E08-3E5F8EEC17C9}"
EndProject
Project("{FAE04EC0-301F-11D3-BF4B-00C04F79EFBC}") = "Unity.Mathematics", "Unity.Mathematics.csproj", "{516B7AD8-DF20-28F6-F18A-F744062B575B}"
EndProject
Project("{FAE04EC0-301F-11D3-BF4B-00C04F79EFBC}") = "Unity.InputSystem", "Unity.InputSystem.csproj", "{A911795F-7602-E9B2-1D17-5921EA940BD7}"
EndProject
Project("{FAE04EC0-301F-11D3-BF4B-00C04F79EFBC}") = "Unity.VisualScripting.State", "Unity.VisualScripting.State.csproj", "{07BE1F43-75F8-767F-3C42-2378BC6557F4}"
EndProject
Project("{FAE04EC0-301F-11D3-BF4B-00C04F79EFBC}") = "Unity.VisualScripting.Core", "Unity.VisualScripting.Core.csproj", "{5FF67C38-6BE4-1EF7-0D2F-9C2241146D5C}"
EndProject
Project("{FAE04EC0-301F-11D3-BF4B-00C04F79EFBC}") = "Unity.RenderPipelines.Universal.Runtime", "Unity.RenderPipelines.Universal.Runtime.csproj", "{5A0910C7-5FD0-C0FC-139C-B47D3C4F8902}"
EndProject
Project("{FAE04EC0-301F-11D3-BF4B-00C04F79EFBC}") = "Assembly-CSharp", "Assembly-CSharp.csproj", "{CBD80438-1179-16E2-A41F-F7FB9E7B4385}"
EndProject
Project("{FAE04EC0-301F-11D3-BF4B-00C04F79EFBC}") = "Unity.Burst", "Unity.Burst.csproj", "{F251E370-73BD-37AD-BFA5-678F8F673A66}"
EndProject
Project("{FAE04EC0-301F-11D3-BF4B-00C04F79EFBC}") = "Unity.RenderPipeline.Universal.ShaderLibrary", "Unity.RenderPipeline.Universal.ShaderLibrary.csproj", "{FC6BDFEB-8E5E-E48A-B48D-0B3B2C3F87A5}"
EndProject
Project("{FAE04EC0-301F-11D3-BF4B-00C04F79EFBC}") = "Unity.RenderPipelines.Core.ShaderLibrary", "Unity.RenderPipelines.Core.ShaderLibrary.csproj", "{C6443A35-A40E-7CAF-8E45-4FF1A3A540D4}"
EndProject
Project("{FAE04EC0-301F-11D3-BF4B-00C04F79EFBC}") = "Unity.RenderPipelines.Universal.Shaders", "Unity.RenderPipelines.Universal.Shaders.csproj", "{62DBCF95-92DF-62BF-3A43-2213C7CC69C1}"
EndProject
Project("{FAE04EC0-301F-11D3-BF4B-00C04F79EFBC}") = "Unity.RenderPipelines.ShaderGraph.ShaderGraphLibrary", "Unity.RenderPipelines.ShaderGraph.ShaderGraphLibrary.csproj", "{D41C3118-4358-9DA2-0149-A306DCB8B98C}"
EndProject
Project("{FAE04EC0-301F-11D3-BF4B-00C04F79EFBC}") = "Unity.VisualScripting.Core.Editor", "Unity.VisualScripting.Core.Editor.csproj", "{C843D858-07DD-56F3-2477-9812FAE5DE26}"
EndProject
Project("{FAE04EC0-301F-11D3-BF4B-00C04F79EFBC}") = "Unity.VisualScripting.Flow.Editor", "Unity.VisualScripting.Flow.Editor.csproj", "{8157041B-2DB5-4AC0-2507-F715F934DE30}"
EndProject
Project("{FAE04EC0-301F-11D3-BF4B-00C04F79EFBC}") = "Unity.ShaderGraph.Editor", "Unity.ShaderGraph.Editor.csproj", "{553E57F3-3F95-8D96-AB74-E13746874330}"
EndProject
Project("{FAE04EC0-301F-11D3-BF4B-00C04F79EFBC}") = "Unity.VisualStudio.Editor", "Unity.VisualStudio.Editor.csproj", "{3CAC0A25-7243-D110-B8D5-330A8C6D1757}"
EndProject
Project("{FAE04EC0-301F-11D3-BF4B-00C04F79EFBC}") = "Unity.RenderPipelines.Universal.Editor", "Unity.RenderPipelines.Universal.Editor.csproj", "{AF7242B8-83DB-6B29-C01C-796124DF2C50}"
EndProject
Project("{FAE04EC0-301F-11D3-BF4B-00C04F79EFBC}") = "Unity.VisualScripting.State.Editor", "Unity.VisualScripting.State.Editor.csproj", "{EFF0BB0D-5448-2740-71DA-76F0675BE84A}"
EndProject
Project("{FAE04EC0-301F-11D3-BF4B-00C04F79EFBC}") = "Unity.RenderPipelines.Core.Editor", "Unity.RenderPipelines.Core.Editor.csproj", "{630791E4-1935-C444-D421-B63D8DAA777D}"
EndProject
Project("{FAE04EC0-301F-11D3-BF4B-00C04F79EFBC}") = "Unity.VisualScripting.SettingsProvider.Editor", "Unity.VisualScripting.SettingsProvider.Editor.csproj", "{98262CA8-228E-2948-AF8A-ED86AEC4DE49}"
EndProject
Project("{FAE04EC0-301F-11D3-BF4B-00C04F79EFBC}") = "UnityEditor.TestRunner", "UnityEditor.TestRunner.csproj", "{878F5E43-E2E8-78A7-0CC9-70CE8C3637AA}"
EndProject
Project("{FAE04EC0-301F-11D3-BF4B-00C04F79EFBC}") = "Unity.Searcher.Editor", "Unity.Searcher.Editor.csproj", "{8D2EF871-D809-2750-EB40-9B7D86F1C8E0}"
EndProject
Project("{FAE04EC0-301F-11D3-BF4B-00C04F79EFBC}") = "Unity.Burst.CodeGen", "Unity.Burst.CodeGen.csproj", "{469BAECE-6E0A-F6EE-3D14-0AEF1AF6B27A}"
EndProject
Project("{FAE04EC0-301F-11D3-BF4B-00C04F79EFBC}") = "Unity.VSCode.Editor", "Unity.VSCode.Editor.csproj", "{287505AD-C307-3678-E118-D56860326A91}"
EndProject
Project("{FAE04EC0-301F-11D3-BF4B-00C04F79EFBC}") = "UnityEditor.UI", "UnityEditor.UI.csproj", "{54D32B00-09B5-48DC-5975-5BA2099CB9E5}"
EndProject
Project("{FAE04EC0-301F-11D3-BF4B-00C04F79EFBC}") = "PPv2URPConverters", "PPv2URPConverters.csproj", "{C4645558-5E76-A1BD-4F39-E06D37994A3E}"
EndProject
Project("{FAE04EC0-301F-11D3-BF4B-00C04F79EFBC}") = "Unity.Mathematics.Editor", "Unity.Mathematics.Editor.csproj", "{201AAD2E-2136-2C8A-60EF-25985161CB5C}"
EndProject
Project("{FAE04EC0-301F-11D3-BF4B-00C04F79EFBC}") = "Unity.Burst.Editor", "Unity.Burst.Editor.csproj", "{C397C419-DF9A-063A-770C-896273364660}"
EndProject
Project("{FAE04EC0-301F-11D3-BF4B-00C04F79EFBC}") = "Assembly-CSharp-Editor", "Assembly-CSharp-Editor.csproj", "{0B56B3A3-412F-97E3-6CB4-17A41E94439C}"
EndProject
Project("{FAE04EC0-301F-11D3-BF4B-00C04F79EFBC}") = "Unity.ShaderGraph.Utilities", "Unity.ShaderGraph.Utilities.csproj", "{CD355D48-F030-1351-51F2-4952CAA3C6A2}"
EndProject
Project("{FAE04EC0-301F-11D3-BF4B-00C04F79EFBC}") = "Unity.VisualScripting.Shared.Editor", "Unity.VisualScripting.Shared.Editor.csproj", "{1BD5D2D2-A4F0-CCA7-6BF2-CD0B08042076}"
EndProject
Project("{FAE04EC0-301F-11D3-BF4B-00C04F79EFBC}") = "UnityEngine.UI", "UnityEngine.UI.Player.csproj", "{C0E33DDB-A3D7-ECBD-83F9-15B530A33B73}"
EndProject
Project("{FAE04EC0-301F-11D3-BF4B-00C04F79EFBC}") = "Unity.RenderPipelines.Core.Runtime", "Unity.RenderPipelines.Core.Runtime.Player.csproj", "{ABA6A65D-0318-E620-4C32-45662CFBB444}"
EndProject
Project("{FAE04EC0-301F-11D3-BF4B-00C04F79EFBC}") = "UnityEngine.TestRunner", "UnityEngine.TestRunner.Player.csproj", "{63B0F18E-0FAD-C4FA-70C3-38B5D735E05D}"
EndProject
Project("{FAE04EC0-301F-11D3-BF4B-00C04F79EFBC}") = "Unity.VisualScripting.Flow", "Unity.VisualScripting.Flow.Player.csproj", "{E7E56CAC-7E68-B41C-DFF5-2EBA424567CC}"
EndProject
Project("{FAE04EC0-301F-11D3-BF4B-00C04F79EFBC}") = "Unity.Mathematics", "Unity.Mathematics.Player.csproj", "{452F43A7-2B1F-5F58-6862-5F2376E3517D}"
EndProject
Project("{FAE04EC0-301F-11D3-BF4B-00C04F79EFBC}") = "Unity.InputSystem", "Unity.InputSystem.Player.csproj", "{EEF2A5D3-2844-47DF-5B42-BB82066F557D}"
EndProject
Project("{FAE04EC0-301F-11D3-BF4B-00C04F79EFBC}") = "Unity.VisualScripting.State", "Unity.VisualScripting.State.Player.csproj", "{095506D5-ABC8-E254-3234-06A8478EF6E8}"
EndProject
Project("{FAE04EC0-301F-11D3-BF4B-00C04F79EFBC}") = "Unity.VisualScripting.Core", "Unity.VisualScripting.Core.Player.csproj", "{893168E2-1F61-EB26-6732-504D18485D9F}"
EndProject
Project("{FAE04EC0-301F-11D3-BF4B-00C04F79EFBC}") = "Unity.RenderPipelines.Universal.Runtime", "Unity.RenderPipelines.Universal.Runtime.Player.csproj", "{6B921C9A-271D-891E-EF38-996CA074FA89}"
EndProject
Project("{FAE04EC0-301F-11D3-BF4B-00C04F79EFBC}") = "Assembly-CSharp", "Assembly-CSharp.Player.csproj", "{281278B2-AEC1-FE76-1264-3DCF346D388D}"
EndProject
Project("{FAE04EC0-301F-11D3-BF4B-00C04F79EFBC}") = "Unity.Burst", "Unity.Burst.Player.csproj", "{B410D9DD-5456-D425-503C-0412ED8CAD5D}"
EndProject
Project("{FAE04EC0-301F-11D3-BF4B-00C04F79EFBC}") = "Unity.RenderPipeline.Universal.ShaderLibrary", "Unity.RenderPipeline.Universal.ShaderLibrary.Player.csproj", "{F9B47E7F-A57A-F759-9008-2DBA3A085A97}"
EndProject
Project("{FAE04EC0-301F-11D3-BF4B-00C04F79EFBC}") = "Unity.RenderPipelines.Core.ShaderLibrary", "Unity.RenderPipelines.Core.ShaderLibrary.Player.csproj", "{B114050C-9EC3-6674-3AAF-2D57698C0287}"
EndProject
Project("{FAE04EC0-301F-11D3-BF4B-00C04F79EFBC}") = "Unity.RenderPipelines.Universal.Shaders", "Unity.RenderPipelines.Universal.Shaders.Player.csproj", "{A6AEE325-AEFB-83F7-78A6-62BE872907A0}"
EndProject
Project("{FAE04EC0-301F-11D3-BF4B-00C04F79EFBC}") = "Unity.RenderPipelines.ShaderGraph.ShaderGraphLibrary", "Unity.RenderPipelines.ShaderGraph.ShaderGraphLibrary.Player.csproj", "{8CC56F13-7083-9C3E-1E47-2F7F7AC35E78}"
EndProject
Global
	GlobalSection(SolutionConfigurationPlatforms) = preSolution
		Debug|Any CPU = Debug|Any CPU
		Release|Any CPU = Release|Any CPU
	EndGlobalSection
	GlobalSection(ProjectConfigurationPlatforms) = postSolution
		{F4012ACF-C77F-128D-60B7-4B1F7A75E34B}.Debug|Any CPU.ActiveCfg = Debug|Any CPU
		{F4012ACF-C77F-128D-60B7-4B1F7A75E34B}.Debug|Any CPU.Build.0 = Debug|Any CPU
		{F4012ACF-C77F-128D-60B7-4B1F7A75E34B}.Release|Any CPU.ActiveCfg = Release|Any CPU
		{F4012ACF-C77F-128D-60B7-4B1F7A75E34B}.Release|Any CPU.Build.0 = Release|Any CPU
		{8BEBBAE0-F1F7-2D6B-43B7-2F9BBF300B0D}.Debug|Any CPU.ActiveCfg = Debug|Any CPU
		{8BEBBAE0-F1F7-2D6B-43B7-2F9BBF300B0D}.Debug|Any CPU.Build.0 = Debug|Any CPU
		{8BEBBAE0-F1F7-2D6B-43B7-2F9BBF300B0D}.Release|Any CPU.ActiveCfg = Release|Any CPU
		{8BEBBAE0-F1F7-2D6B-43B7-2F9BBF300B0D}.Release|Any CPU.Build.0 = Release|Any CPU
		{77FB12A8-5D31-2211-8E05-B0CFDDC0FCFF}.Debug|Any CPU.ActiveCfg = Debug|Any CPU
		{77FB12A8-5D31-2211-8E05-B0CFDDC0FCFF}.Debug|Any CPU.Build.0 = Debug|Any CPU
		{77FB12A8-5D31-2211-8E05-B0CFDDC0FCFF}.Release|Any CPU.ActiveCfg = Release|Any CPU
		{77FB12A8-5D31-2211-8E05-B0CFDDC0FCFF}.Release|Any CPU.Build.0 = Release|Any CPU
		{F5198135-07A4-345E-3E08-3E5F8EEC17C9}.Debug|Any CPU.ActiveCfg = Debug|Any CPU
		{F5198135-07A4-345E-3E08-3E5F8EEC17C9}.Debug|Any CPU.Build.0 = Debug|Any CPU
		{F5198135-07A4-345E-3E08-3E5F8EEC17C9}.Release|Any CPU.ActiveCfg = Release|Any CPU
		{F5198135-07A4-345E-3E08-3E5F8EEC17C9}.Release|Any CPU.Build.0 = Release|Any CPU
		{516B7AD8-DF20-28F6-F18A-F744062B575B}.Debug|Any CPU.ActiveCfg = Debug|Any CPU
		{516B7AD8-DF20-28F6-F18A-F744062B575B}.Debug|Any CPU.Build.0 = Debug|Any CPU
		{516B7AD8-DF20-28F6-F18A-F744062B575B}.Release|Any CPU.ActiveCfg = Release|Any CPU
		{516B7AD8-DF20-28F6-F18A-F744062B575B}.Release|Any CPU.Build.0 = Release|Any CPU
		{A911795F-7602-E9B2-1D17-5921EA940BD7}.Debug|Any CPU.ActiveCfg = Debug|Any CPU
		{A911795F-7602-E9B2-1D17-5921EA940BD7}.Debug|Any CPU.Build.0 = Debug|Any CPU
		{A911795F-7602-E9B2-1D17-5921EA940BD7}.Release|Any CPU.ActiveCfg = Release|Any CPU
		{A911795F-7602-E9B2-1D17-5921EA940BD7}.Release|Any CPU.Build.0 = Release|Any CPU
		{07BE1F43-75F8-767F-3C42-2378BC6557F4}.Debug|Any CPU.ActiveCfg = Debug|Any CPU
		{07BE1F43-75F8-767F-3C42-2378BC6557F4}.Debug|Any CPU.Build.0 = Debug|Any CPU
		{07BE1F43-75F8-767F-3C42-2378BC6557F4}.Release|Any CPU.ActiveCfg = Release|Any CPU
		{07BE1F43-75F8-767F-3C42-2378BC6557F4}.Release|Any CPU.Build.0 = Release|Any CPU
		{5FF67C38-6BE4-1EF7-0D2F-9C2241146D5C}.Debug|Any CPU.ActiveCfg = Debug|Any CPU
		{5FF67C38-6BE4-1EF7-0D2F-9C2241146D5C}.Debug|Any CPU.Build.0 = Debug|Any CPU
		{5FF67C38-6BE4-1EF7-0D2F-9C2241146D5C}.Release|Any CPU.ActiveCfg = Release|Any CPU
		{5FF67C38-6BE4-1EF7-0D2F-9C2241146D5C}.Release|Any CPU.Build.0 = Release|Any CPU
		{5A0910C7-5FD0-C0FC-139C-B47D3C4F8902}.Debug|Any CPU.ActiveCfg = Debug|Any CPU
		{5A0910C7-5FD0-C0FC-139C-B47D3C4F8902}.Debug|Any CPU.Build.0 = Debug|Any CPU
		{5A0910C7-5FD0-C0FC-139C-B47D3C4F8902}.Release|Any CPU.ActiveCfg = Release|Any CPU
		{5A0910C7-5FD0-C0FC-139C-B47D3C4F8902}.Release|Any CPU.Build.0 = Release|Any CPU
		{CBD80438-1179-16E2-A41F-F7FB9E7B4385}.Debug|Any CPU.ActiveCfg = Debug|Any CPU
		{CBD80438-1179-16E2-A41F-F7FB9E7B4385}.Debug|Any CPU.Build.0 = Debug|Any CPU
		{CBD80438-1179-16E2-A41F-F7FB9E7B4385}.Release|Any CPU.ActiveCfg = Release|Any CPU
		{CBD80438-1179-16E2-A41F-F7FB9E7B4385}.Release|Any CPU.Build.0 = Release|Any CPU
		{F251E370-73BD-37AD-BFA5-678F8F673A66}.Debug|Any CPU.ActiveCfg = Debug|Any CPU
		{F251E370-73BD-37AD-BFA5-678F8F673A66}.Debug|Any CPU.Build.0 = Debug|Any CPU
		{F251E370-73BD-37AD-BFA5-678F8F673A66}.Release|Any CPU.ActiveCfg = Release|Any CPU
		{F251E370-73BD-37AD-BFA5-678F8F673A66}.Release|Any CPU.Build.0 = Release|Any CPU
		{FC6BDFEB-8E5E-E48A-B48D-0B3B2C3F87A5}.Debug|Any CPU.ActiveCfg = Debug|Any CPU
		{FC6BDFEB-8E5E-E48A-B48D-0B3B2C3F87A5}.Debug|Any CPU.Build.0 = Debug|Any CPU
		{FC6BDFEB-8E5E-E48A-B48D-0B3B2C3F87A5}.Release|Any CPU.ActiveCfg = Release|Any CPU
		{FC6BDFEB-8E5E-E48A-B48D-0B3B2C3F87A5}.Release|Any CPU.Build.0 = Release|Any CPU
		{C6443A35-A40E-7CAF-8E45-4FF1A3A540D4}.Debug|Any CPU.ActiveCfg = Debug|Any CPU
		{C6443A35-A40E-7CAF-8E45-4FF1A3A540D4}.Debug|Any CPU.Build.0 = Debug|Any CPU
		{C6443A35-A40E-7CAF-8E45-4FF1A3A540D4}.Release|Any CPU.ActiveCfg = Release|Any CPU
		{C6443A35-A40E-7CAF-8E45-4FF1A3A540D4}.Release|Any CPU.Build.0 = Release|Any CPU
		{62DBCF95-92DF-62BF-3A43-2213C7CC69C1}.Debug|Any CPU.ActiveCfg = Debug|Any CPU
		{62DBCF95-92DF-62BF-3A43-2213C7CC69C1}.Debug|Any CPU.Build.0 = Debug|Any CPU
		{62DBCF95-92DF-62BF-3A43-2213C7CC69C1}.Release|Any CPU.ActiveCfg = Release|Any CPU
		{62DBCF95-92DF-62BF-3A43-2213C7CC69C1}.Release|Any CPU.Build.0 = Release|Any CPU
		{D41C3118-4358-9DA2-0149-A306DCB8B98C}.Debug|Any CPU.ActiveCfg = Debug|Any CPU
		{D41C3118-4358-9DA2-0149-A306DCB8B98C}.Debug|Any CPU.Build.0 = Debug|Any CPU
		{D41C3118-4358-9DA2-0149-A306DCB8B98C}.Release|Any CPU.ActiveCfg = Release|Any CPU
		{D41C3118-4358-9DA2-0149-A306DCB8B98C}.Release|Any CPU.Build.0 = Release|Any CPU
		{C843D858-07DD-56F3-2477-9812FAE5DE26}.Debug|Any CPU.ActiveCfg = Debug|Any CPU
		{C843D858-07DD-56F3-2477-9812FAE5DE26}.Debug|Any CPU.Build.0 = Debug|Any CPU
		{C843D858-07DD-56F3-2477-9812FAE5DE26}.Release|Any CPU.ActiveCfg = Release|Any CPU
		{C843D858-07DD-56F3-2477-9812FAE5DE26}.Release|Any CPU.Build.0 = Release|Any CPU
		{8157041B-2DB5-4AC0-2507-F715F934DE30}.Debug|Any CPU.ActiveCfg = Debug|Any CPU
		{8157041B-2DB5-4AC0-2507-F715F934DE30}.Debug|Any CPU.Build.0 = Debug|Any CPU
		{8157041B-2DB5-4AC0-2507-F715F934DE30}.Release|Any CPU.ActiveCfg = Release|Any CPU
		{8157041B-2DB5-4AC0-2507-F715F934DE30}.Release|Any CPU.Build.0 = Release|Any CPU
		{553E57F3-3F95-8D96-AB74-E13746874330}.Debug|Any CPU.ActiveCfg = Debug|Any CPU
		{553E57F3-3F95-8D96-AB74-E13746874330}.Debug|Any CPU.Build.0 = Debug|Any CPU
		{553E57F3-3F95-8D96-AB74-E13746874330}.Release|Any CPU.ActiveCfg = Release|Any CPU
		{553E57F3-3F95-8D96-AB74-E13746874330}.Release|Any CPU.Build.0 = Release|Any CPU
		{3CAC0A25-7243-D110-B8D5-330A8C6D1757}.Debug|Any CPU.ActiveCfg = Debug|Any CPU
		{3CAC0A25-7243-D110-B8D5-330A8C6D1757}.Debug|Any CPU.Build.0 = Debug|Any CPU
		{3CAC0A25-7243-D110-B8D5-330A8C6D1757}.Release|Any CPU.ActiveCfg = Release|Any CPU
		{3CAC0A25-7243-D110-B8D5-330A8C6D1757}.Release|Any CPU.Build.0 = Release|Any CPU
		{AF7242B8-83DB-6B29-C01C-796124DF2C50}.Debug|Any CPU.ActiveCfg = Debug|Any CPU
		{AF7242B8-83DB-6B29-C01C-796124DF2C50}.Debug|Any CPU.Build.0 = Debug|Any CPU
		{AF7242B8-83DB-6B29-C01C-796124DF2C50}.Release|Any CPU.ActiveCfg = Release|Any CPU
		{AF7242B8-83DB-6B29-C01C-796124DF2C50}.Release|Any CPU.Build.0 = Release|Any CPU
		{EFF0BB0D-5448-2740-71DA-76F0675BE84A}.Debug|Any CPU.ActiveCfg = Debug|Any CPU
		{EFF0BB0D-5448-2740-71DA-76F0675BE84A}.Debug|Any CPU.Build.0 = Debug|Any CPU
		{EFF0BB0D-5448-2740-71DA-76F0675BE84A}.Release|Any CPU.ActiveCfg = Release|Any CPU
		{EFF0BB0D-5448-2740-71DA-76F0675BE84A}.Release|Any CPU.Build.0 = Release|Any CPU
		{630791E4-1935-C444-D421-B63D8DAA777D}.Debug|Any CPU.ActiveCfg = Debug|Any CPU
		{630791E4-1935-C444-D421-B63D8DAA777D}.Debug|Any CPU.Build.0 = Debug|Any CPU
		{630791E4-1935-C444-D421-B63D8DAA777D}.Release|Any CPU.ActiveCfg = Release|Any CPU
		{630791E4-1935-C444-D421-B63D8DAA777D}.Release|Any CPU.Build.0 = Release|Any CPU
		{98262CA8-228E-2948-AF8A-ED86AEC4DE49}.Debug|Any CPU.ActiveCfg = Debug|Any CPU
		{98262CA8-228E-2948-AF8A-ED86AEC4DE49}.Debug|Any CPU.Build.0 = Debug|Any CPU
		{98262CA8-228E-2948-AF8A-ED86AEC4DE49}.Release|Any CPU.ActiveCfg = Release|Any CPU
		{98262CA8-228E-2948-AF8A-ED86AEC4DE49}.Release|Any CPU.Build.0 = Release|Any CPU
		{878F5E43-E2E8-78A7-0CC9-70CE8C3637AA}.Debug|Any CPU.ActiveCfg = Debug|Any CPU
		{878F5E43-E2E8-78A7-0CC9-70CE8C3637AA}.Debug|Any CPU.Build.0 = Debug|Any CPU
		{878F5E43-E2E8-78A7-0CC9-70CE8C3637AA}.Release|Any CPU.ActiveCfg = Release|Any CPU
		{878F5E43-E2E8-78A7-0CC9-70CE8C3637AA}.Release|Any CPU.Build.0 = Release|Any CPU
		{8D2EF871-D809-2750-EB40-9B7D86F1C8E0}.Debug|Any CPU.ActiveCfg = Debug|Any CPU
		{8D2EF871-D809-2750-EB40-9B7D86F1C8E0}.Debug|Any CPU.Build.0 = Debug|Any CPU
		{8D2EF871-D809-2750-EB40-9B7D86F1C8E0}.Release|Any CPU.ActiveCfg = Release|Any CPU
		{8D2EF871-D809-2750-EB40-9B7D86F1C8E0}.Release|Any CPU.Build.0 = Release|Any CPU
		{469BAECE-6E0A-F6EE-3D14-0AEF1AF6B27A}.Debug|Any CPU.ActiveCfg = Debug|Any CPU
		{469BAECE-6E0A-F6EE-3D14-0AEF1AF6B27A}.Debug|Any CPU.Build.0 = Debug|Any CPU
		{469BAECE-6E0A-F6EE-3D14-0AEF1AF6B27A}.Release|Any CPU.ActiveCfg = Release|Any CPU
		{469BAECE-6E0A-F6EE-3D14-0AEF1AF6B27A}.Release|Any CPU.Build.0 = Release|Any CPU
		{287505AD-C307-3678-E118-D56860326A91}.Debug|Any CPU.ActiveCfg = Debug|Any CPU
		{287505AD-C307-3678-E118-D56860326A91}.Debug|Any CPU.Build.0 = Debug|Any CPU
		{287505AD-C307-3678-E118-D56860326A91}.Release|Any CPU.ActiveCfg = Release|Any CPU
		{287505AD-C307-3678-E118-D56860326A91}.Release|Any CPU.Build.0 = Release|Any CPU
		{54D32B00-09B5-48DC-5975-5BA2099CB9E5}.Debug|Any CPU.ActiveCfg = Debug|Any CPU
		{54D32B00-09B5-48DC-5975-5BA2099CB9E5}.Debug|Any CPU.Build.0 = Debug|Any CPU
		{54D32B00-09B5-48DC-5975-5BA2099CB9E5}.Release|Any CPU.ActiveCfg = Release|Any CPU
		{54D32B00-09B5-48DC-5975-5BA2099CB9E5}.Release|Any CPU.Build.0 = Release|Any CPU
		{C4645558-5E76-A1BD-4F39-E06D37994A3E}.Debug|Any CPU.ActiveCfg = Debug|Any CPU
		{C4645558-5E76-A1BD-4F39-E06D37994A3E}.Debug|Any CPU.Build.0 = Debug|Any CPU
		{C4645558-5E76-A1BD-4F39-E06D37994A3E}.Release|Any CPU.ActiveCfg = Release|Any CPU
		{C4645558-5E76-A1BD-4F39-E06D37994A3E}.Release|Any CPU.Build.0 = Release|Any CPU
		{201AAD2E-2136-2C8A-60EF-25985161CB5C}.Debug|Any CPU.ActiveCfg = Debug|Any CPU
		{201AAD2E-2136-2C8A-60EF-25985161CB5C}.Debug|Any CPU.Build.0 = Debug|Any CPU
		{201AAD2E-2136-2C8A-60EF-25985161CB5C}.Release|Any CPU.ActiveCfg = Release|Any CPU
		{201AAD2E-2136-2C8A-60EF-25985161CB5C}.Release|Any CPU.Build.0 = Release|Any CPU
		{C397C419-DF9A-063A-770C-896273364660}.Debug|Any CPU.ActiveCfg = Debug|Any CPU
		{C397C419-DF9A-063A-770C-896273364660}.Debug|Any CPU.Build.0 = Debug|Any CPU
		{C397C419-DF9A-063A-770C-896273364660}.Release|Any CPU.ActiveCfg = Release|Any CPU
		{C397C419-DF9A-063A-770C-896273364660}.Release|Any CPU.Build.0 = Release|Any CPU
		{0B56B3A3-412F-97E3-6CB4-17A41E94439C}.Debug|Any CPU.ActiveCfg = Debug|Any CPU
		{0B56B3A3-412F-97E3-6CB4-17A41E94439C}.Debug|Any CPU.Build.0 = Debug|Any CPU
		{0B56B3A3-412F-97E3-6CB4-17A41E94439C}.Release|Any CPU.ActiveCfg = Release|Any CPU
		{0B56B3A3-412F-97E3-6CB4-17A41E94439C}.Release|Any CPU.Build.0 = Release|Any CPU
		{CD355D48-F030-1351-51F2-4952CAA3C6A2}.Debug|Any CPU.ActiveCfg = Debug|Any CPU
		{CD355D48-F030-1351-51F2-4952CAA3C6A2}.Debug|Any CPU.Build.0 = Debug|Any CPU
		{CD355D48-F030-1351-51F2-4952CAA3C6A2}.Release|Any CPU.ActiveCfg = Release|Any CPU
		{CD355D48-F030-1351-51F2-4952CAA3C6A2}.Release|Any CPU.Build.0 = Release|Any CPU
		{1BD5D2D2-A4F0-CCA7-6BF2-CD0B08042076}.Debug|Any CPU.ActiveCfg = Debug|Any CPU
		{1BD5D2D2-A4F0-CCA7-6BF2-CD0B08042076}.Debug|Any CPU.Build.0 = Debug|Any CPU
		{1BD5D2D2-A4F0-CCA7-6BF2-CD0B08042076}.Release|Any CPU.ActiveCfg = Release|Any CPU
		{1BD5D2D2-A4F0-CCA7-6BF2-CD0B08042076}.Release|Any CPU.Build.0 = Release|Any CPU
		{C0E33DDB-A3D7-ECBD-83F9-15B530A33B73}.Debug|Any CPU.ActiveCfg = Debug|Any CPU
		{C0E33DDB-A3D7-ECBD-83F9-15B530A33B73}.Debug|Any CPU.Build.0 = Debug|Any CPU
		{C0E33DDB-A3D7-ECBD-83F9-15B530A33B73}.Release|Any CPU.ActiveCfg = Release|Any CPU
		{C0E33DDB-A3D7-ECBD-83F9-15B530A33B73}.Release|Any CPU.Build.0 = Release|Any CPU
		{ABA6A65D-0318-E620-4C32-45662CFBB444}.Debug|Any CPU.ActiveCfg = Debug|Any CPU
		{ABA6A65D-0318-E620-4C32-45662CFBB444}.Debug|Any CPU.Build.0 = Debug|Any CPU
		{ABA6A65D-0318-E620-4C32-45662CFBB444}.Release|Any CPU.ActiveCfg = Release|Any CPU
		{ABA6A65D-0318-E620-4C32-45662CFBB444}.Release|Any CPU.Build.0 = Release|Any CPU
		{63B0F18E-0FAD-C4FA-70C3-38B5D735E05D}.Debug|Any CPU.ActiveCfg = Debug|Any CPU
		{63B0F18E-0FAD-C4FA-70C3-38B5D735E05D}.Debug|Any CPU.Build.0 = Debug|Any CPU
		{63B0F18E-0FAD-C4FA-70C3-38B5D735E05D}.Release|Any CPU.ActiveCfg = Release|Any CPU
		{63B0F18E-0FAD-C4FA-70C3-38B5D735E05D}.Release|Any CPU.Build.0 = Release|Any CPU
		{E7E56CAC-7E68-B41C-DFF5-2EBA424567CC}.Debug|Any CPU.ActiveCfg = Debug|Any CPU
		{E7E56CAC-7E68-B41C-DFF5-2EBA424567CC}.Debug|Any CPU.Build.0 = Debug|Any CPU
		{E7E56CAC-7E68-B41C-DFF5-2EBA424567CC}.Release|Any CPU.ActiveCfg = Release|Any CPU
		{E7E56CAC-7E68-B41C-DFF5-2EBA424567CC}.Release|Any CPU.Build.0 = Release|Any CPU
		{452F43A7-2B1F-5F58-6862-5F2376E3517D}.Debug|Any CPU.ActiveCfg = Debug|Any CPU
		{452F43A7-2B1F-5F58-6862-5F2376E3517D}.Debug|Any CPU.Build.0 = Debug|Any CPU
		{452F43A7-2B1F-5F58-6862-5F2376E3517D}.Release|Any CPU.ActiveCfg = Release|Any CPU
		{452F43A7-2B1F-5F58-6862-5F2376E3517D}.Release|Any CPU.Build.0 = Release|Any CPU
		{EEF2A5D3-2844-47DF-5B42-BB82066F557D}.Debug|Any CPU.ActiveCfg = Debug|Any CPU
		{EEF2A5D3-2844-47DF-5B42-BB82066F557D}.Debug|Any CPU.Build.0 = Debug|Any CPU
		{EEF2A5D3-2844-47DF-5B42-BB82066F557D}.Release|Any CPU.ActiveCfg = Release|Any CPU
		{EEF2A5D3-2844-47DF-5B42-BB82066F557D}.Release|Any CPU.Build.0 = Release|Any CPU
		{095506D5-ABC8-E254-3234-06A8478EF6E8}.Debug|Any CPU.ActiveCfg = Debug|Any CPU
		{095506D5-ABC8-E254-3234-06A8478EF6E8}.Debug|Any CPU.Build.0 = Debug|Any CPU
		{095506D5-ABC8-E254-3234-06A8478EF6E8}.Release|Any CPU.ActiveCfg = Release|Any CPU
		{095506D5-ABC8-E254-3234-06A8478EF6E8}.Release|Any CPU.Build.0 = Release|Any CPU
		{893168E2-1F61-EB26-6732-504D18485D9F}.Debug|Any CPU.ActiveCfg = Debug|Any CPU
		{893168E2-1F61-EB26-6732-504D18485D9F}.Debug|Any CPU.Build.0 = Debug|Any CPU
		{893168E2-1F61-EB26-6732-504D18485D9F}.Release|Any CPU.ActiveCfg = Release|Any CPU
		{893168E2-1F61-EB26-6732-504D18485D9F}.Release|Any CPU.Build.0 = Release|Any CPU
		{6B921C9A-271D-891E-EF38-996CA074FA89}.Debug|Any CPU.ActiveCfg = Debug|Any CPU
		{6B921C9A-271D-891E-EF38-996CA074FA89}.Debug|Any CPU.Build.0 = Debug|Any CPU
		{6B921C9A-271D-891E-EF38-996CA074FA89}.Release|Any CPU.ActiveCfg = Release|Any CPU
		{6B921C9A-271D-891E-EF38-996CA074FA89}.Release|Any CPU.Build.0 = Release|Any CPU
		{281278B2-AEC1-FE76-1264-3DCF346D388D}.Debug|Any CPU.ActiveCfg = Debug|Any CPU
		{281278B2-AEC1-FE76-1264-3DCF346D388D}.Debug|Any CPU.Build.0 = Debug|Any CPU
		{281278B2-AEC1-FE76-1264-3DCF346D388D}.Release|Any CPU.ActiveCfg = Release|Any CPU
		{281278B2-AEC1-FE76-1264-3DCF346D388D}.Release|Any CPU.Build.0 = Release|Any CPU
		{B410D9DD-5456-D425-503C-0412ED8CAD5D}.Debug|Any CPU.ActiveCfg = Debug|Any CPU
		{B410D9DD-5456-D425-503C-0412ED8CAD5D}.Debug|Any CPU.Build.0 = Debug|Any CPU
		{B410D9DD-5456-D425-503C-0412ED8CAD5D}.Release|Any CPU.ActiveCfg = Release|Any CPU
		{B410D9DD-5456-D425-503C-0412ED8CAD5D}.Release|Any CPU.Build.0 = Release|Any CPU
		{F9B47E7F-A57A-F759-9008-2DBA3A085A97}.Debug|Any CPU.ActiveCfg = Debug|Any CPU
		{F9B47E7F-A57A-F759-9008-2DBA3A085A97}.Debug|Any CPU.Build.0 = Debug|Any CPU
		{F9B47E7F-A57A-F759-9008-2DBA3A085A97}.Release|Any CPU.ActiveCfg = Release|Any CPU
		{F9B47E7F-A57A-F759-9008-2DBA3A085A97}.Release|Any CPU.Build.0 = Release|Any CPU
		{B114050C-9EC3-6674-3AAF-2D57698C0287}.Debug|Any CPU.ActiveCfg = Debug|Any CPU
		{B114050C-9EC3-6674-3AAF-2D57698C0287}.Debug|Any CPU.Build.0 = Debug|Any CPU
		{B114050C-9EC3-6674-3AAF-2D57698C0287}.Release|Any CPU.ActiveCfg = Release|Any CPU
		{B114050C-9EC3-6674-3AAF-2D57698C0287}.Release|Any CPU.Build.0 = Release|Any CPU
		{A6AEE325-AEFB-83F7-78A6-62BE872907A0}.Debug|Any CPU.ActiveCfg = Debug|Any CPU
		{A6AEE325-AEFB-83F7-78A6-62BE872907A0}.Debug|Any CPU.Build.0 = Debug|Any CPU
		{A6AEE325-AEFB-83F7-78A6-62BE872907A0}.Release|Any CPU.ActiveCfg = Release|Any CPU
		{A6AEE325-AEFB-83F7-78A6-62BE872907A0}.Release|Any CPU.Build.0 = Release|Any CPU
		{8CC56F13-7083-9C3E-1E47-2F7F7AC35E78}.Debug|Any CPU.ActiveCfg = Debug|Any CPU
		{8CC56F13-7083-9C3E-1E47-2F7F7AC35E78}.Debug|Any CPU.Build.0 = Debug|Any CPU
		{8CC56F13-7083-9C3E-1E47-2F7F7AC35E78}.Release|Any CPU.ActiveCfg = Release|Any CPU
		{8CC56F13-7083-9C3E-1E47-2F7F7AC35E78}.Release|Any CPU.Build.0 = Release|Any CPU
	EndGlobalSection
	GlobalSection(SolutionProperties) = preSolution
		HideSolutionNode = FALSE
	EndGlobalSection
EndGlobal
